<?xml version="1.0" encoding="utf-8"?>
<Project ToolsVersion="4.0" xmlns="http://schemas.microsoft.com/developer/msbuild/2003">
  <ItemGroup>
    <ClCompile Include="3DPoint.cpp" />
    <ClCompile Include="BitwiseOperators.cpp" />
    <ClCompile Include="ExamineObjects.cpp" />
    <ClCompile Include="ExploreCasting.cpp" />
    <ClCompile Include="ExploreEnum.cpp" />
    <ClCompile Include="Fraction.cpp" />
    <ClCompile Include="Fraction.h" />
    <ClCompile Include="main-Sep2022.cpp" />
    <ClCompile Include="ArrayPointerExamples.cpp" />
    <ClCompile Include="main.c" />
    <ClCompile Include="MyProjectA\filestreamex1.cpp" />
    <ClCompile Include="Employee.cpp" />
    <ClCompile Include="Node.cpp" />
    <ClCompile Include="PhoneNumber.cpp" />
    <ClCompile Include="Point.cpp" />
    <ClCompile Include="Point.h" />
    <ClCompile Include="Program.cpp" />
    <ClCompile Include="Quiz1.cpp" />
    <ClCompile Include="Quiz4.cpp" />
    <ClCompile Include="RandomNumbers.cpp" />
    <ClCompile Include="SwitchCase.cpp" />
    <ClCompile Include="Week1Intro.cpp" />
    <ClCompile Include="StringExamples.cpp" />
    <ClCompile Include="Player.cpp" />
    <ClCompile Include="GameManager.cpp" />
    <ClCompile Include="Vehicle.cpp" />
    <ClCompile Include="Car.cpp" />
  </ItemGroup>
  <ItemGroup>
    <ClInclude Include="3DPoin.h" />
    <ClInclude Include="Address.h" />
    <ClInclude Include="Examples.h" />
    <ClInclude Include="Employee.h" />
    <ClInclude Include="Node.h" />
    <ClInclude Include="PhoneNumber.h" />
    <ClInclude Include="Quizes.h" />
    <ClInclude Include="Student.h" />
    <ClInclude Include="Player.h" />
    <ClInclude Include="GameManager.h" />
    <ClInclude Include="PlayerOptions.h" />
    <ClInclude Include="Game.h" />
    <ClInclude Include="Vehicle.h" />
    <ClInclude Include="Car.h" />
  </ItemGroup>
  <ItemGroup>
    <None Include="packages.config" />
  </ItemGroup>
</Project>