<?xml version="1.0" encoding="utf-8"?>
<Project ToolsVersion="4.0" xmlns="http://schemas.microsoft.com/developer/msbuild/2003">
  <ItemGroup>
    <Filter Include="Source Files">
      <UniqueIdentifier>{4FC737F1-C7A5-4376-A066-2A32D752A2FF}</UniqueIdentifier>
      <Extensions>cpp;c;cc;cxx;c++;cppm;ixx;def;odl;idl;hpj;bat;asm;asmx</Extensions>
    </Filter>
    <Filter Include="Header Files">
      <UniqueIdentifier>{93995380-89BD-4b04-88EB-625FBE52EBFB}</UniqueIdentifier>
      <Extensions>h;hh;hpp;hxx;h++;hm;inl;inc;ipp;xsd</Extensions>
    </Filter>
    <Filter Include="Resource Files">
      <UniqueIdentifier>{67DA6AB6-F800-4c08-8B7A-83BB121AAD01}</UniqueIdentifier>
      <Extensions>rc;ico;cur;bmp;dlg;rc2;rct;bin;rgs;gif;jpg;jpeg;jpe;resx;tiff;tif;png;wav;mfcribbon-ms</Extensions>
    </Filter>
    <Filter Include="Libraries">
      <UniqueIdentifier>{1a54c7ce-a691-47b5-9f15-bdf61ce86b14}</UniqueIdentifier>
    </Filter>
    <Filter Include="Source Files\Quizes">
      <UniqueIdentifier>{c733ad7b-7540-4183-a4a9-430436777104}</UniqueIdentifier>
    </Filter>
    <Filter Include="Source Files\UDTypesAndCasting">
      <UniqueIdentifier>{d89dbc7c-24da-4d56-83a2-5f24e819c7ef}</UniqueIdentifier>
    </Filter>
    <Filter Include="Source Files\FundamentalTypes">
      <UniqueIdentifier>{e07e67e4-ae09-48d8-9949-a95c359cc7fd}</UniqueIdentifier>
    </Filter>
    <Filter Include="Source Files\LanguageBasics">
      <UniqueIdentifier>{c64790e7-6b32-441c-9b8a-6e0b2245a13a}</UniqueIdentifier>
    </Filter>
  </ItemGroup>
  <ItemGroup>
    <ClCompile Include="main-Sep2022.cpp">
      <Filter>Source Files</Filter>
    </ClCompile>
    <ClCompile Include="main.c">
      <Filter>Source Files</Filter>
    </ClCompile>
    <ClCompile Include="Quiz1.cpp">
      <Filter>Source Files\Quizes</Filter>
    </ClCompile>
    <ClCompile Include="ArrayExample.cpp">
      <Filter>Source Files\FundamentalTypes</Filter>
    </ClCompile>
    <ClCompile Include="SwitchCase.cpp">
      <Filter>Source Files\FundamentalTypes</Filter>
    </ClCompile>
    <ClCompile Include="Pointers.cpp">
      <Filter>Source Files\FundamentalTypes</Filter>
    </ClCompile>
    <ClCompile Include="Week1Intro.cpp">
      <Filter>Source Files\LanguageBasics</Filter>
    </ClCompile>
    <ClCompile Include="Quiz4.cpp">
      <Filter>Source Files\Quizes</Filter>
    </ClCompile>
    <ClCompile Include="StringExamples.cpp">
      <Filter>Source Files\UDTypesAndCasting</Filter>
    </ClCompile>
    <ClCompile Include="ExploreEnum.cpp">
      <Filter>Source Files\UDTypesAndCasting</Filter>
    </ClCompile>
    <ClCompile Include="ExploreCasting.cpp">
      <Filter>Source Files\UDTypesAndCasting</Filter>
    </ClCompile>
    <ClCompile Include="RandomNumbers.cpp">
      <Filter>Source Files\UDTypesAndCasting</Filter>
    </ClCompile>
    <ClCompile Include="BitwiseOperators.cpp">
      <Filter>Source Files\LanguageBasics</Filter>
    </ClCompile>
  </ItemGroup>
  <ItemGroup>
    <ClInclude Include="Examples.h">
      <Filter>Header Files</Filter>
    </ClInclude>
    <ClInclude Include="Quizes.h">
      <Filter>Header Files</Filter>
    </ClInclude>
  </ItemGroup>
</Project>